// !$*UTF8*$!
{
	archiveVersion = 1;
	classes = {
	};
	objectVersion = 46;
	objects = {

/* Begin PBXBuildFile section */
		5DAA726FEBDE4C50916E61A6 /* libPods.a in Frameworks */ = {isa = PBXBuildFile; fileRef = CBF9B6DA08924C01A7FB89CC /* libPods.a */; };
		66344C7219C6263500DAB27B /* Movie.swift in Sources */ = {isa = PBXBuildFile; fileRef = 66344C7119C6263500DAB27B /* Movie.swift */; };
		666C83E819C3B2E100425F6D /* Alamofire.framework in Frameworks */ = {isa = PBXBuildFile; fileRef = 666C83E719C3B2E100425F6D /* Alamofire.framework */; };
		666C83EA19C3BA8F00425F6D /* SwiftyJSON.framework in Frameworks */ = {isa = PBXBuildFile; fileRef = 666C83E919C3BA8F00425F6D /* SwiftyJSON.framework */; };
		666C83EE19C3C37700425F6D /* SwiftyJSON.swift in Sources */ = {isa = PBXBuildFile; fileRef = 666C83ED19C3C37700425F6D /* SwiftyJSON.swift */; };
		66803A2019C6AD2C002A2412 /* DetailViewController.swift in Sources */ = {isa = PBXBuildFile; fileRef = 66803A1F19C6AD2C002A2412 /* DetailViewController.swift */; };
		6695A95E19C14626001C2E4B /* AppDelegate.swift in Sources */ = {isa = PBXBuildFile; fileRef = 6695A95D19C14626001C2E4B /* AppDelegate.swift */; };
		6695A96019C14626001C2E4B /* ViewController.swift in Sources */ = {isa = PBXBuildFile; fileRef = 6695A95F19C14626001C2E4B /* ViewController.swift */; };
		6695A96319C14626001C2E4B /* Main.storyboard in Resources */ = {isa = PBXBuildFile; fileRef = 6695A96119C14626001C2E4B /* Main.storyboard */; };
		6695A96519C14626001C2E4B /* Images.xcassets in Resources */ = {isa = PBXBuildFile; fileRef = 6695A96419C14626001C2E4B /* Images.xcassets */; };
		6695A96819C14626001C2E4B /* LaunchScreen.xib in Resources */ = {isa = PBXBuildFile; fileRef = 6695A96619C14626001C2E4B /* LaunchScreen.xib */; };
		6695A97419C14626001C2E4B /* LocalReviewsTests.swift in Sources */ = {isa = PBXBuildFile; fileRef = 6695A97319C14626001C2E4B /* LocalReviewsTests.swift */; };
/* End PBXBuildFile section */

/* Begin PBXContainerItemProxy section */
		6695A96E19C14626001C2E4B /* PBXContainerItemProxy */ = {
			isa = PBXContainerItemProxy;
			containerPortal = 6695A95019C14626001C2E4B /* Project object */;
			proxyType = 1;
			remoteGlobalIDString = 6695A95719C14626001C2E4B;
			remoteInfo = CineReviews;
		};
/* End PBXContainerItemProxy section */

/* Begin PBXFileReference section */
		25BD5363EBC34567AEC56C01 /* Pods.xcconfig */ = {isa = PBXFileReference; includeInIndex = 1; lastKnownFileType = text.xcconfig; name = Pods.xcconfig; path = Pods/Pods.xcconfig; sourceTree = "<group>"; };
		66344C7119C6263500DAB27B /* Movie.swift */ = {isa = PBXFileReference; fileEncoding = 4; lastKnownFileType = sourcecode.swift; path = Movie.swift; sourceTree = "<group>"; };
		666C83E719C3B2E100425F6D /* Alamofire.framework */ = {isa = PBXFileReference; lastKnownFileType = wrapper.framework; name = Alamofire.framework; path = "Alamofire/build/Debug-iphoneos/Alamofire.framework"; sourceTree = "<group>"; };
		666C83E919C3BA8F00425F6D /* SwiftyJSON.framework */ = {isa = PBXFileReference; lastKnownFileType = wrapper.framework; name = SwiftyJSON.framework; path = "SwiftyJSON/build/Debug-iphoneos/SwiftyJSON.framework"; sourceTree = "<group>"; };
		666C83ED19C3C37700425F6D /* SwiftyJSON.swift */ = {isa = PBXFileReference; fileEncoding = 4; lastKnownFileType = sourcecode.swift; name = SwiftyJSON.swift; path = ../SwiftyJSON/SwiftyJSON/SwiftyJSON.swift; sourceTree = "<group>"; };
		666C83EF19C3D28500425F6D /* LocalReviews-Bridging-Header.h */ = {isa = PBXFileReference; lastKnownFileType = sourcecode.c.h; path = "LocalReviews-Bridging-Header.h"; sourceTree = "<group>"; };
		66803A1F19C6AD2C002A2412 /* DetailViewController.swift */ = {isa = PBXFileReference; fileEncoding = 4; lastKnownFileType = sourcecode.swift; path = DetailViewController.swift; sourceTree = "<group>"; };
		6695A95819C14626001C2E4B /* LocalReviews.app */ = {isa = PBXFileReference; explicitFileType = wrapper.application; includeInIndex = 0; path = LocalReviews.app; sourceTree = BUILT_PRODUCTS_DIR; };
		6695A95C19C14626001C2E4B /* Info.plist */ = {isa = PBXFileReference; lastKnownFileType = text.plist.xml; path = Info.plist; sourceTree = "<group>"; };
		6695A95D19C14626001C2E4B /* AppDelegate.swift */ = {isa = PBXFileReference; lastKnownFileType = sourcecode.swift; path = AppDelegate.swift; sourceTree = "<group>"; };
		6695A95F19C14626001C2E4B /* ViewController.swift */ = {isa = PBXFileReference; lastKnownFileType = sourcecode.swift; path = ViewController.swift; sourceTree = "<group>"; };
		6695A96219C14626001C2E4B /* Base */ = {isa = PBXFileReference; lastKnownFileType = file.storyboard; name = Base; path = Base.lproj/Main.storyboard; sourceTree = "<group>"; };
		6695A96419C14626001C2E4B /* Images.xcassets */ = {isa = PBXFileReference; lastKnownFileType = folder.assetcatalog; path = Images.xcassets; sourceTree = "<group>"; };
		6695A96719C14626001C2E4B /* Base */ = {isa = PBXFileReference; lastKnownFileType = file.xib; name = Base; path = Base.lproj/LaunchScreen.xib; sourceTree = "<group>"; };
		6695A96D19C14626001C2E4B /* LocalReviewsTests.xctest */ = {isa = PBXFileReference; explicitFileType = wrapper.cfbundle; includeInIndex = 0; path = LocalReviewsTests.xctest; sourceTree = BUILT_PRODUCTS_DIR; };
		6695A97219C14626001C2E4B /* Info.plist */ = {isa = PBXFileReference; lastKnownFileType = text.plist.xml; path = Info.plist; sourceTree = "<group>"; };
		6695A97319C14626001C2E4B /* LocalReviewsTests.swift */ = {isa = PBXFileReference; lastKnownFileType = sourcecode.swift; path = LocalReviewsTests.swift; sourceTree = "<group>"; };
		CBF9B6DA08924C01A7FB89CC /* libPods.a */ = {isa = PBXFileReference; explicitFileType = archive.ar; includeInIndex = 0; path = libPods.a; sourceTree = BUILT_PRODUCTS_DIR; };
/* End PBXFileReference section */

/* Begin PBXFrameworksBuildPhase section */
		6695A95519C14626001C2E4B /* Frameworks */ = {
			isa = PBXFrameworksBuildPhase;
			buildActionMask = 2147483647;
			files = (
				666C83EA19C3BA8F00425F6D /* SwiftyJSON.framework in Frameworks */,
				666C83E819C3B2E100425F6D /* Alamofire.framework in Frameworks */,
				5DAA726FEBDE4C50916E61A6 /* libPods.a in Frameworks */,
			);
			runOnlyForDeploymentPostprocessing = 0;
		};
		6695A96A19C14626001C2E4B /* Frameworks */ = {
			isa = PBXFrameworksBuildPhase;
			buildActionMask = 2147483647;
			files = (
			);
			runOnlyForDeploymentPostprocessing = 0;
		};
/* End PBXFrameworksBuildPhase section */

/* Begin PBXGroup section */
		59D81A3C6DAF42098AC03844 /* Frameworks */ = {
			isa = PBXGroup;
			children = (
				666C83E919C3BA8F00425F6D /* SwiftyJSON.framework */,
				666C83E719C3B2E100425F6D /* Alamofire.framework */,
				CBF9B6DA08924C01A7FB89CC /* libPods.a */,
			);
			name = Frameworks;
			sourceTree = "<group>";
		};
		66803A1C19C68C41002A2412 /* Models */ = {
			isa = PBXGroup;
			children = (
				66344C7119C6263500DAB27B /* Movie.swift */,
			);
			name = Models;
			sourceTree = "<group>";
		};
		66803A1D19C68C50002A2412 /* Controllers */ = {
			isa = PBXGroup;
			children = (
				666C83ED19C3C37700425F6D /* SwiftyJSON.swift */,
				6695A95D19C14626001C2E4B /* AppDelegate.swift */,
				6695A95F19C14626001C2E4B /* ViewController.swift */,
				66803A1F19C6AD2C002A2412 /* DetailViewController.swift */,
			);
			name = Controllers;
			sourceTree = "<group>";
		};
		66803A1E19C68C73002A2412 /* Views */ = {
			isa = PBXGroup;
			children = (
				6695A96119C14626001C2E4B /* Main.storyboard */,
				6695A96419C14626001C2E4B /* Images.xcassets */,
				6695A96619C14626001C2E4B /* LaunchScreen.xib */,
			);
			name = Views;
			sourceTree = "<group>";
		};
		6695A94F19C14626001C2E4B = {
			isa = PBXGroup;
			children = (
				6695A95A19C14626001C2E4B /* LocalReviews */,
				6695A97019C14626001C2E4B /* LocalReviewsTests */,
				6695A95919C14626001C2E4B /* Products */,
				25BD5363EBC34567AEC56C01 /* Pods.xcconfig */,
				59D81A3C6DAF42098AC03844 /* Frameworks */,
			);
			sourceTree = "<group>";
		};
		6695A95919C14626001C2E4B /* Products */ = {
			isa = PBXGroup;
			children = (
				6695A95819C14626001C2E4B /* LocalReviews.app */,
				6695A96D19C14626001C2E4B /* LocalReviewsTests.xctest */,
			);
			name = Products;
			sourceTree = "<group>";
		};
		6695A95A19C14626001C2E4B /* LocalReviews */ = {
			isa = PBXGroup;
			children = (
				66803A1E19C68C73002A2412 /* Views */,
				66803A1D19C68C50002A2412 /* Controllers */,
				66803A1C19C68C41002A2412 /* Models */,
				6695A95B19C14626001C2E4B /* Supporting Files */,
				666C83EF19C3D28500425F6D /* LocalReviews-Bridging-Header.h */,
			);
			name = LocalReviews;
			path = CineReviews;
			sourceTree = "<group>";
		};
		6695A95B19C14626001C2E4B /* Supporting Files */ = {
			isa = PBXGroup;
			children = (
				6695A95C19C14626001C2E4B /* Info.plist */,
			);
			name = "Supporting Files";
			sourceTree = "<group>";
		};
		6695A97019C14626001C2E4B /* LocalReviewsTests */ = {
			isa = PBXGroup;
			children = (
				6695A97319C14626001C2E4B /* LocalReviewsTests.swift */,
				6695A97119C14626001C2E4B /* Supporting Files */,
			);
			name = LocalReviewsTests;
			path = CineReviewsTests;
			sourceTree = "<group>";
		};
		6695A97119C14626001C2E4B /* Supporting Files */ = {
			isa = PBXGroup;
			children = (
				6695A97219C14626001C2E4B /* Info.plist */,
			);
			name = "Supporting Files";
			sourceTree = "<group>";
		};
/* End PBXGroup section */

/* Begin PBXNativeTarget section */
		6695A95719C14626001C2E4B /* LocalReviews */ = {
			isa = PBXNativeTarget;
			buildConfigurationList = 6695A97719C14626001C2E4B /* Build configuration list for PBXNativeTarget "LocalReviews" */;
			buildPhases = (
				F535B93242F34D2480E7613A /* Check Pods Manifest.lock */,
				6695A95419C14626001C2E4B /* Sources */,
				6695A95519C14626001C2E4B /* Frameworks */,
				6695A95619C14626001C2E4B /* Resources */,
				0AA3025F477E47D7BB251D08 /* Copy Pods Resources */,
			);
			buildRules = (
			);
			dependencies = (
			);
			name = LocalReviews;
			productName = CineReviews;
			productReference = 6695A95819C14626001C2E4B /* LocalReviews.app */;
			productType = "com.apple.product-type.application";
		};
		6695A96C19C14626001C2E4B /* LocalReviewsTests */ = {
			isa = PBXNativeTarget;
			buildConfigurationList = 6695A97A19C14626001C2E4B /* Build configuration list for PBXNativeTarget "LocalReviewsTests" */;
			buildPhases = (
				6695A96919C14626001C2E4B /* Sources */,
				6695A96A19C14626001C2E4B /* Frameworks */,
				6695A96B19C14626001C2E4B /* Resources */,
			);
			buildRules = (
			);
			dependencies = (
				6695A96F19C14626001C2E4B /* PBXTargetDependency */,
			);
			name = LocalReviewsTests;
			productName = CineReviewsTests;
			productReference = 6695A96D19C14626001C2E4B /* LocalReviewsTests.xctest */;
			productType = "com.apple.product-type.bundle.unit-test";
		};
/* End PBXNativeTarget section */

/* Begin PBXProject section */
		6695A95019C14626001C2E4B /* Project object */ = {
			isa = PBXProject;
			attributes = {
				LastUpgradeCheck = 0600;
				ORGANIZATIONNAME = vjkaruna;
				TargetAttributes = {
					6695A95719C14626001C2E4B = {
						CreatedOnToolsVersion = 6.0;
					};
					6695A96C19C14626001C2E4B = {
						CreatedOnToolsVersion = 6.0;
						TestTargetID = 6695A95719C14626001C2E4B;
					};
				};
			};
			buildConfigurationList = 6695A95319C14626001C2E4B /* Build configuration list for PBXProject "LocalReviews" */;
			compatibilityVersion = "Xcode 3.2";
			developmentRegion = English;
			hasScannedForEncodings = 0;
			knownRegions = (
				en,
				Base,
			);
			mainGroup = 6695A94F19C14626001C2E4B;
			productRefGroup = 6695A95919C14626001C2E4B /* Products */;
			projectDirPath = "";
			projectRoot = "";
			targets = (
				6695A95719C14626001C2E4B /* LocalReviews */,
				6695A96C19C14626001C2E4B /* LocalReviewsTests */,
			);
		};
/* End PBXProject section */

/* Begin PBXResourcesBuildPhase section */
		6695A95619C14626001C2E4B /* Resources */ = {
			isa = PBXResourcesBuildPhase;
			buildActionMask = 2147483647;
			files = (
				6695A96319C14626001C2E4B /* Main.storyboard in Resources */,
				6695A96819C14626001C2E4B /* LaunchScreen.xib in Resources */,
				6695A96519C14626001C2E4B /* Images.xcassets in Resources */,
			);
			runOnlyForDeploymentPostprocessing = 0;
		};
		6695A96B19C14626001C2E4B /* Resources */ = {
			isa = PBXResourcesBuildPhase;
			buildActionMask = 2147483647;
			files = (
			);
			runOnlyForDeploymentPostprocessing = 0;
		};
/* End PBXResourcesBuildPhase section */

/* Begin PBXShellScriptBuildPhase section */
		0AA3025F477E47D7BB251D08 /* Copy Pods Resources */ = {
			isa = PBXShellScriptBuildPhase;
			buildActionMask = 2147483647;
			files = (
			);
			inputPaths = (
			);
			name = "Copy Pods Resources";
			outputPaths = (
			);
			runOnlyForDeploymentPostprocessing = 0;
			shellPath = /bin/sh;
			shellScript = "\"${SRCROOT}/Pods/Pods-resources.sh\"\n";
			showEnvVarsInLog = 0;
		};
		F535B93242F34D2480E7613A /* Check Pods Manifest.lock */ = {
			isa = PBXShellScriptBuildPhase;
			buildActionMask = 2147483647;
			files = (
			);
			inputPaths = (
			);
			name = "Check Pods Manifest.lock";
			outputPaths = (
			);
			runOnlyForDeploymentPostprocessing = 0;
			shellPath = /bin/sh;
			shellScript = "diff \"${PODS_ROOT}/../Podfile.lock\" \"${PODS_ROOT}/Manifest.lock\" > /dev/null\nif [[ $? != 0 ]] ; then\n    cat << EOM\nerror: The sandbox is not in sync with the Podfile.lock. Run 'pod install' or update your CocoaPods installation.\nEOM\n    exit 1\nfi\n";
			showEnvVarsInLog = 0;
		};
/* End PBXShellScriptBuildPhase section */

/* Begin PBXSourcesBuildPhase section */
		6695A95419C14626001C2E4B /* Sources */ = {
			isa = PBXSourcesBuildPhase;
			buildActionMask = 2147483647;
			files = (
				666C83EE19C3C37700425F6D /* SwiftyJSON.swift in Sources */,
				6695A96019C14626001C2E4B /* ViewController.swift in Sources */,
				66803A2019C6AD2C002A2412 /* DetailViewController.swift in Sources */,
				66344C7219C6263500DAB27B /* Movie.swift in Sources */,
				6695A95E19C14626001C2E4B /* AppDelegate.swift in Sources */,
			);
			runOnlyForDeploymentPostprocessing = 0;
		};
		6695A96919C14626001C2E4B /* Sources */ = {
			isa = PBXSourcesBuildPhase;
			buildActionMask = 2147483647;
			files = (
				6695A97419C14626001C2E4B /* LocalReviewsTests.swift in Sources */,
			);
			runOnlyForDeploymentPostprocessing = 0;
		};
/* End PBXSourcesBuildPhase section */

/* Begin PBXTargetDependency section */
		6695A96F19C14626001C2E4B /* PBXTargetDependency */ = {
			isa = PBXTargetDependency;
			target = 6695A95719C14626001C2E4B /* LocalReviews */;
			targetProxy = 6695A96E19C14626001C2E4B /* PBXContainerItemProxy */;
		};
/* End PBXTargetDependency section */

/* Begin PBXVariantGroup section */
		6695A96119C14626001C2E4B /* Main.storyboard */ = {
			isa = PBXVariantGroup;
			children = (
				6695A96219C14626001C2E4B /* Base */,
			);
			name = Main.storyboard;
			sourceTree = "<group>";
		};
		6695A96619C14626001C2E4B /* LaunchScreen.xib */ = {
			isa = PBXVariantGroup;
			children = (
				6695A96719C14626001C2E4B /* Base */,
			);
			name = LaunchScreen.xib;
			sourceTree = "<group>";
		};
/* End PBXVariantGroup section */

/* Begin XCBuildConfiguration section */
		6695A97519C14626001C2E4B /* Debug */ = {
			isa = XCBuildConfiguration;
			buildSettings = {
				ALWAYS_SEARCH_USER_PATHS = NO;
				CLANG_CXX_LANGUAGE_STANDARD = "gnu++0x";
				CLANG_CXX_LIBRARY = "libc++";
				CLANG_ENABLE_MODULES = YES;
				CLANG_ENABLE_OBJC_ARC = YES;
				CLANG_WARN_BOOL_CONVERSION = YES;
				CLANG_WARN_CONSTANT_CONVERSION = YES;
				CLANG_WARN_DIRECT_OBJC_ISA_USAGE = YES_ERROR;
				CLANG_WARN_EMPTY_BODY = YES;
				CLANG_WARN_ENUM_CONVERSION = YES;
				CLANG_WARN_INT_CONVERSION = YES;
				CLANG_WARN_OBJC_ROOT_CLASS = YES_ERROR;
				CLANG_WARN_UNREACHABLE_CODE = YES;
				CLANG_WARN__DUPLICATE_METHOD_MATCH = YES;
				"CODE_SIGN_IDENTITY[sdk=iphoneos*]" = "iPhone Developer";
				COPY_PHASE_STRIP = NO;
				ENABLE_STRICT_OBJC_MSGSEND = YES;
				GCC_C_LANGUAGE_STANDARD = gnu99;
				GCC_DYNAMIC_NO_PIC = NO;
				GCC_OPTIMIZATION_LEVEL = 0;
				GCC_PREPROCESSOR_DEFINITIONS = (
					"DEBUG=1",
					"$(inherited)",
				);
				GCC_SYMBOLS_PRIVATE_EXTERN = NO;
				GCC_WARN_64_TO_32_BIT_CONVERSION = YES;
				GCC_WARN_ABOUT_RETURN_TYPE = YES_ERROR;
				GCC_WARN_UNDECLARED_SELECTOR = YES;
				GCC_WARN_UNINITIALIZED_AUTOS = YES_AGGRESSIVE;
				GCC_WARN_UNUSED_FUNCTION = YES;
				GCC_WARN_UNUSED_VARIABLE = YES;
				IPHONEOS_DEPLOYMENT_TARGET = 8.0;
				MTL_ENABLE_DEBUG_INFO = YES;
				ONLY_ACTIVE_ARCH = YES;
				SDKROOT = iphoneos;
				SWIFT_OPTIMIZATION_LEVEL = "-Onone";
			};
			name = Debug;
		};
		6695A97619C14626001C2E4B /* Release */ = {
			isa = XCBuildConfiguration;
			buildSettings = {
				ALWAYS_SEARCH_USER_PATHS = NO;
				CLANG_CXX_LANGUAGE_STANDARD = "gnu++0x";
				CLANG_CXX_LIBRARY = "libc++";
				CLANG_ENABLE_MODULES = YES;
				CLANG_ENABLE_OBJC_ARC = YES;
				CLANG_WARN_BOOL_CONVERSION = YES;
				CLANG_WARN_CONSTANT_CONVERSION = YES;
				CLANG_WARN_DIRECT_OBJC_ISA_USAGE = YES_ERROR;
				CLANG_WARN_EMPTY_BODY = YES;
				CLANG_WARN_ENUM_CONVERSION = YES;
				CLANG_WARN_INT_CONVERSION = YES;
				CLANG_WARN_OBJC_ROOT_CLASS = YES_ERROR;
				CLANG_WARN_UNREACHABLE_CODE = YES;
				CLANG_WARN__DUPLICATE_METHOD_MATCH = YES;
				"CODE_SIGN_IDENTITY[sdk=iphoneos*]" = "iPhone Developer";
				COPY_PHASE_STRIP = YES;
				ENABLE_NS_ASSERTIONS = NO;
				ENABLE_STRICT_OBJC_MSGSEND = YES;
				GCC_C_LANGUAGE_STANDARD = gnu99;
				GCC_WARN_64_TO_32_BIT_CONVERSION = YES;
				GCC_WARN_ABOUT_RETURN_TYPE = YES_ERROR;
				GCC_WARN_UNDECLARED_SELECTOR = YES;
				GCC_WARN_UNINITIALIZED_AUTOS = YES_AGGRESSIVE;
				GCC_WARN_UNUSED_FUNCTION = YES;
				GCC_WARN_UNUSED_VARIABLE = YES;
				IPHONEOS_DEPLOYMENT_TARGET = 8.0;
				MTL_ENABLE_DEBUG_INFO = NO;
				SDKROOT = iphoneos;
				VALIDATE_PRODUCT = YES;
			};
			name = Release;
		};
		6695A97819C14626001C2E4B /* Debug */ = {
			isa = XCBuildConfiguration;
			baseConfigurationReference = 25BD5363EBC34567AEC56C01 /* Pods.xcconfig */;
			buildSettings = {
				ASSETCATALOG_COMPILER_APPICON_NAME = AppIcon;
				CLANG_ENABLE_MODULES = YES;
				FRAMEWORK_SEARCH_PATHS = "$(inherited)";
				INFOPLIST_FILE = CineReviews/Info.plist;
				LD_RUNPATH_SEARCH_PATHS = "$(inherited) @executable_path/Frameworks";
				PRODUCT_NAME = LocalReviews;
				SWIFT_OBJC_BRIDGING_HEADER = "CineReviews/CineReviews-Bridging-Header.h";
				SWIFT_OPTIMIZATION_LEVEL = "-Onone";
			};
			name = Debug;
		};
		6695A97919C14626001C2E4B /* Release */ = {
			isa = XCBuildConfiguration;
			baseConfigurationReference = 25BD5363EBC34567AEC56C01 /* Pods.xcconfig */;
			buildSettings = {
				ASSETCATALOG_COMPILER_APPICON_NAME = AppIcon;
				CLANG_ENABLE_MODULES = YES;
				FRAMEWORK_SEARCH_PATHS = (
					"$(inherited)",
					"$(PROJECT_DIR)/Alamofire/build/Debug-iphoneos",
					"$(PROJECT_DIR)/SwiftyJSON/build/Debug-iphoneos",
				);
				INFOPLIST_FILE = CineReviews/Info.plist;
				LD_RUNPATH_SEARCH_PATHS = "$(inherited) @executable_path/Frameworks";
				PRODUCT_NAME = LocalReviews;
				SWIFT_OBJC_BRIDGING_HEADER = "CineReviews/CineReviews-Bridging-Header.h";
			};
			name = Release;
		};
		6695A97B19C14626001C2E4B /* Debug */ = {
			isa = XCBuildConfiguration;
			buildSettings = {
				BUNDLE_LOADER = "$(TEST_HOST)";
				FRAMEWORK_SEARCH_PATHS = (
					"$(SDKROOT)/Developer/Library/Frameworks",
					"$(inherited)",
				);
				GCC_PREPROCESSOR_DEFINITIONS = (
					"DEBUG=1",
					"$(inherited)",
				);
				INFOPLIST_FILE = CineReviewsTests/Info.plist;
				LD_RUNPATH_SEARCH_PATHS = "$(inherited) @executable_path/Frameworks @loader_path/Frameworks";
				PRODUCT_NAME = LocalReviewsTests;
				TEST_HOST = "$(BUILT_PRODUCTS_DIR)/CineReviews.app/CineReviews";
			};
			name = Debug;
		};
		6695A97C19C14626001C2E4B /* Release */ = {
			isa = XCBuildConfiguration;
			buildSettings = {
				BUNDLE_LOADER = "$(TEST_HOST)";
				FRAMEWORK_SEARCH_PATHS = (
					"$(SDKROOT)/Developer/Library/Frameworks",
					"$(inherited)",
				);
				INFOPLIST_FILE = CineReviewsTests/Info.plist;
				LD_RUNPATH_SEARCH_PATHS = "$(inherited) @executable_path/Frameworks @loader_path/Frameworks";
				PRODUCT_NAME = LocalReviewsTests;
				TEST_HOST = "$(BUILT_PRODUCTS_DIR)/CineReviews.app/CineReviews";
			};
			name = Release;
		};
/* End XCBuildConfiguration section */

/* Begin XCConfigurationList section */
		6695A95319C14626001C2E4B /* Build configuration list for PBXProject "LocalReviews" */ = {
			isa = XCConfigurationList;
			buildConfigurations = (
				6695A97519C14626001C2E4B /* Debug */,
				6695A97619C14626001C2E4B /* Release */,
			);
			defaultConfigurationIsVisible = 0;
			defaultConfigurationName = Release;
		};
		6695A97719C14626001C2E4B /* Build configuration list for PBXNativeTarget "LocalReviews" */ = {
			isa = XCConfigurationList;
			buildConfigurations = (
				6695A97819C14626001C2E4B /* Debug */,
				6695A97919C14626001C2E4B /* Release */,
			);
			defaultConfigurationIsVisible = 0;
			defaultConfigurationName = Release;
		};
		6695A97A19C14626001C2E4B /* Build configuration list for PBXNativeTarget "LocalReviewsTests" */ = {
			isa = XCConfigurationList;
			buildConfigurations = (
				6695A97B19C14626001C2E4B /* Debug */,
				6695A97C19C14626001C2E4B /* Release */,
			);
			defaultConfigurationIsVisible = 0;
			defaultConfigurationName = Release;
		};
/* End XCConfigurationList section */
	};
	rootObject = 6695A95019C14626001C2E4B /* Project object */;
}
